// !$*UTF8*$!
{
	archiveVersion = 1;
	classes = {
	};
	objectVersion = 77;
	objects = {

/* Begin PBXBuildFile section */
		1D9B15462DE3DA7C00F541EC /* GameView.swift in Sources */ = {isa = PBXBuildFile; fileRef = 1D9B15452DE3D81B00F541EC /* GameView.swift */; };
		1D9B15472DE3DA8000F541EC /* HomeView.swift in Sources */ = {isa = PBXBuildFile; fileRef = 1D9B15442DE3D80A00F541EC /* HomeView.swift */; };
		1D9B15482DE3DA8400F541EC /* GameViewModel.swift in Sources */ = {isa = PBXBuildFile; fileRef = 1D9B15432DE3D7F600F541EC /* GameViewModel.swift */; };
		1D9B15492DE3DAD200F541EC /* GameLogic.swift in Sources */ = {isa = PBXBuildFile; fileRef = 1D9B15422DE3D7CB00F541EC /* GameLogic.swift */; };
		1D9B154B2DE3E08100F541EC /* Match.swift in Sources */ = {isa = PBXBuildFile; fileRef = 1D9B154A2DE3E07800F541EC /* Match.swift */; };
		1D9B154D2DE3E0FA00F541EC /* Grid.swift in Sources */ = {isa = PBXBuildFile; fileRef = 1D9B154C2DE3E0F700F541EC /* Grid.swift */; };
/* End PBXBuildFile section */

/* Begin PBXContainerItemProxy section */
		1D9B15232DE3D75200F541EC /* PBXContainerItemProxy */ = {
			isa = PBXContainerItemProxy;
			containerPortal = 1D9B150D2DE3D75000F541EC /* Project object */;
			proxyType = 1;
			remoteGlobalIDString = 1D9B15142DE3D75000F541EC;
			remoteInfo = XOXGame;
		};
		1D9B152D2DE3D75200F541EC /* PBXContainerItemProxy */ = {
			isa = PBXContainerItemProxy;
			containerPortal = 1D9B150D2DE3D75000F541EC /* Project object */;
			proxyType = 1;
			remoteGlobalIDString = 1D9B15142DE3D75000F541EC;
			remoteInfo = XOXGame;
		};
/* End PBXContainerItemProxy section */

/* Begin PBXFileReference section */
		1D9B15152DE3D75000F541EC /* XOXGame.app */ = {isa = PBXFileReference; explicitFileType = wrapper.application; includeInIndex = 0; path = XOXGame.app; sourceTree = BUILT_PRODUCTS_DIR; };
		1D9B15222DE3D75200F541EC /* XOXGameTests.xctest */ = {isa = PBXFileReference; explicitFileType = wrapper.cfbundle; includeInIndex = 0; path = XOXGameTests.xctest; sourceTree = BUILT_PRODUCTS_DIR; };
		1D9B152C2DE3D75200F541EC /* XOXGameUITests.xctest */ = {isa = PBXFileReference; explicitFileType = wrapper.cfbundle; includeInIndex = 0; path = XOXGameUITests.xctest; sourceTree = BUILT_PRODUCTS_DIR; };
		1D9B15422DE3D7CB00F541EC /* GameLogic.swift */ = {isa = PBXFileReference; lastKnownFileType = sourcecode.swift; path = GameLogic.swift; sourceTree = "<group>"; };
		1D9B15432DE3D7F600F541EC /* GameViewModel.swift */ = {isa = PBXFileReference; lastKnownFileType = sourcecode.swift; path = GameViewModel.swift; sourceTree = "<group>"; };
		1D9B15442DE3D80A00F541EC /* HomeView.swift */ = {isa = PBXFileReference; lastKnownFileType = sourcecode.swift; path = HomeView.swift; sourceTree = "<group>"; };
		1D9B15452DE3D81B00F541EC /* GameView.swift */ = {isa = PBXFileReference; lastKnownFileType = sourcecode.swift; path = GameView.swift; sourceTree = "<group>"; };
		1D9B154A2DE3E07800F541EC /* Match.swift */ = {isa = PBXFileReference; lastKnownFileType = sourcecode.swift; path = Match.swift; sourceTree = "<group>"; };
		1D9B154C2DE3E0F700F541EC /* Grid.swift */ = {isa = PBXFileReference; lastKnownFileType = sourcecode.swift; path = Grid.swift; sourceTree = "<group>"; };
/* End PBXFileReference section */

/* Begin PBXFileSystemSynchronizedRootGroup section */
		1D9B15172DE3D75000F541EC /* XOXGame */ = {
			isa = PBXFileSystemSynchronizedRootGroup;
			path = XOXGame;
			sourceTree = "<group>";
		};
		1D9B15252DE3D75200F541EC /* XOXGameTests */ = {
			isa = PBXFileSystemSynchronizedRootGroup;
			path = XOXGameTests;
			sourceTree = "<group>";
		};
		1D9B152F2DE3D75200F541EC /* XOXGameUITests */ = {
			isa = PBXFileSystemSynchronizedRootGroup;
			path = XOXGameUITests;
			sourceTree = "<group>";
		};
/* End PBXFileSystemSynchronizedRootGroup section */

/* Begin PBXFrameworksBuildPhase section */
		1D9B15122DE3D75000F541EC /* Frameworks */ = {
			isa = PBXFrameworksBuildPhase;
			buildActionMask = 2147483647;
			files = (
			);
			runOnlyForDeploymentPostprocessing = 0;
		};
		1D9B151F2DE3D75200F541EC /* Frameworks */ = {
			isa = PBXFrameworksBuildPhase;
			buildActionMask = 2147483647;
			files = (
			);
			runOnlyForDeploymentPostprocessing = 0;
		};
		1D9B15292DE3D75200F541EC /* Frameworks */ = {
			isa = PBXFrameworksBuildPhase;
			buildActionMask = 2147483647;
			files = (
			);
			runOnlyForDeploymentPostprocessing = 0;
		};
/* End PBXFrameworksBuildPhase section */

/* Begin PBXGroup section */
		1D9B150C2DE3D75000F541EC = {
			isa = PBXGroup;
			children = (
				1D9B154A2DE3E07800F541EC /* Match.swift */,
				1D9B15412DE3D7B700F541EC /* View */,
				1D9B15402DE3D7A600F541EC /* ViewModels */,
				1D9B153F2DE3D78D00F541EC /* Models */,
				1D9B15172DE3D75000F541EC /* XOXGame */,
				1D9B15252DE3D75200F541EC /* XOXGameTests */,
				1D9B152F2DE3D75200F541EC /* XOXGameUITests */,
				1D9B15162DE3D75000F541EC /* Products */,
			);
			sourceTree = "<group>";
		};
		1D9B15162DE3D75000F541EC /* Products */ = {
			isa = PBXGroup;
			children = (
				1D9B15152DE3D75000F541EC /* XOXGame.app */,
				1D9B15222DE3D75200F541EC /* XOXGameTests.xctest */,
				1D9B152C2DE3D75200F541EC /* XOXGameUITests.xctest */,
			);
			name = Products;
			sourceTree = "<group>";
		};
		1D9B153F2DE3D78D00F541EC /* Models */ = {
			isa = PBXGroup;
			children = (
				1D9B15422DE3D7CB00F541EC /* GameLogic.swift */,
			);
			path = Models;
			sourceTree = "<group>";
		};
		1D9B15402DE3D7A600F541EC /* ViewModels */ = {
			isa = PBXGroup;
			children = (
				1D9B15432DE3D7F600F541EC /* GameViewModel.swift */,
			);
			path = ViewModels;
			sourceTree = "<group>";
		};
		1D9B15412DE3D7B700F541EC /* View */ = {
			isa = PBXGroup;
			children = (
				1D9B154C2DE3E0F700F541EC /* Grid.swift */,
				1D9B15452DE3D81B00F541EC /* GameView.swift */,
				1D9B15442DE3D80A00F541EC /* HomeView.swift */,
			);
			path = View;
			sourceTree = "<group>";
		};
/* End PBXGroup section */

/* Begin PBXNativeTarget section */
		1D9B15142DE3D75000F541EC /* XOXGame */ = {
			isa = PBXNativeTarget;
			buildConfigurationList = 1D9B15362DE3D75200F541EC /* Build configuration list for PBXNativeTarget "XOXGame" */;
			buildPhases = (
				1D9B15112DE3D75000F541EC /* Sources */,
				1D9B15122DE3D75000F541EC /* Frameworks */,
				1D9B15132DE3D75000F541EC /* Resources */,
			);
			buildRules = (
			);
			dependencies = (
			);
			fileSystemSynchronizedGroups = (
				1D9B15172DE3D75000F541EC /* XOXGame */,
			);
			name = XOXGame;
			packageProductDependencies = (
			);
			productName = XOXGame;
			productReference = 1D9B15152DE3D75000F541EC /* XOXGame.app */;
			productType = "com.apple.product-type.application";
		};
		1D9B15212DE3D75200F541EC /* XOXGameTests */ = {
			isa = PBXNativeTarget;
			buildConfigurationList = 1D9B15392DE3D75200F541EC /* Build configuration list for PBXNativeTarget "XOXGameTests" */;
			buildPhases = (
				1D9B151E2DE3D75200F541EC /* Sources */,
				1D9B151F2DE3D75200F541EC /* Frameworks */,
				1D9B15202DE3D75200F541EC /* Resources */,
			);
			buildRules = (
			);
			dependencies = (
				1D9B15242DE3D75200F541EC /* PBXTargetDependency */,
			);
			fileSystemSynchronizedGroups = (
				1D9B15252DE3D75200F541EC /* XOXGameTests */,
			);
			name = XOXGameTests;
			packageProductDependencies = (
			);
			productName = XOXGameTests;
			productReference = 1D9B15222DE3D75200F541EC /* XOXGameTests.xctest */;
			productType = "com.apple.product-type.bundle.unit-test";
		};
		1D9B152B2DE3D75200F541EC /* XOXGameUITests */ = {
			isa = PBXNativeTarget;
			buildConfigurationList = 1D9B153C2DE3D75200F541EC /* Build configuration list for PBXNativeTarget "XOXGameUITests" */;
			buildPhases = (
				1D9B15282DE3D75200F541EC /* Sources */,
				1D9B15292DE3D75200F541EC /* Frameworks */,
				1D9B152A2DE3D75200F541EC /* Resources */,
			);
			buildRules = (
			);
			dependencies = (
				1D9B152E2DE3D75200F541EC /* PBXTargetDependency */,
			);
			fileSystemSynchronizedGroups = (
				1D9B152F2DE3D75200F541EC /* XOXGameUITests */,
			);
			name = XOXGameUITests;
			packageProductDependencies = (
			);
			productName = XOXGameUITests;
			productReference = 1D9B152C2DE3D75200F541EC /* XOXGameUITests.xctest */;
			productType = "com.apple.product-type.bundle.ui-testing";
		};
/* End PBXNativeTarget section */

/* Begin PBXProject section */
		1D9B150D2DE3D75000F541EC /* Project object */ = {
			isa = PBXProject;
			attributes = {
				BuildIndependentTargetsInParallel = 1;
				LastSwiftUpdateCheck = 1630;
				LastUpgradeCheck = 1630;
				TargetAttributes = {
					1D9B15142DE3D75000F541EC = {
						CreatedOnToolsVersion = 16.3;
					};
					1D9B15212DE3D75200F541EC = {
						CreatedOnToolsVersion = 16.3;
						TestTargetID = 1D9B15142DE3D75000F541EC;
					};
					1D9B152B2DE3D75200F541EC = {
						CreatedOnToolsVersion = 16.3;
						TestTargetID = 1D9B15142DE3D75000F541EC;
					};
				};
			};
			buildConfigurationList = 1D9B15102DE3D75000F541EC /* Build configuration list for PBXProject "XOXGame" */;
			developmentRegion = en;
			hasScannedForEncodings = 0;
			knownRegions = (
				en,
				Base,
			);
			mainGroup = 1D9B150C2DE3D75000F541EC;
			minimizedProjectReferenceProxies = 1;
			preferredProjectObjectVersion = 77;
			productRefGroup = 1D9B15162DE3D75000F541EC /* Products */;
			projectDirPath = "";
			projectRoot = "";
			targets = (
				1D9B15142DE3D75000F541EC /* XOXGame */,
				1D9B15212DE3D75200F541EC /* XOXGameTests */,
				1D9B152B2DE3D75200F541EC /* XOXGameUITests */,
			);
		};
/* End PBXProject section */

/* Begin PBXResourcesBuildPhase section */
		1D9B15132DE3D75000F541EC /* Resources */ = {
			isa = PBXResourcesBuildPhase;
			buildActionMask = 2147483647;
			files = (
			);
			runOnlyForDeploymentPostprocessing = 0;
		};
		1D9B15202DE3D75200F541EC /* Resources */ = {
			isa = PBXResourcesBuildPhase;
			buildActionMask = 2147483647;
			files = (
			);
			runOnlyForDeploymentPostprocessing = 0;
		};
		1D9B152A2DE3D75200F541EC /* Resources */ = {
			isa = PBXResourcesBuildPhase;
			buildActionMask = 2147483647;
			files = (
			);
			runOnlyForDeploymentPostprocessing = 0;
		};
/* End PBXResourcesBuildPhase section */

/* Begin PBXSourcesBuildPhase section */
		1D9B15112DE3D75000F541EC /* Sources */ = {
			isa = PBXSourcesBuildPhase;
			buildActionMask = 2147483647;
			files = (
				1D9B15492DE3DAD200F541EC /* GameLogic.swift in Sources */,
				1D9B15472DE3DA8000F541EC /* HomeView.swift in Sources */,
				1D9B154D2DE3E0FA00F541EC /* Grid.swift in Sources */,
				1D9B15462DE3DA7C00F541EC /* GameView.swift in Sources */,
				1D9B15482DE3DA8400F541EC /* GameViewModel.swift in Sources */,
				1D9B154B2DE3E08100F541EC /* Match.swift in Sources */,
			);
			runOnlyForDeploymentPostprocessing = 0;
		};
		1D9B151E2DE3D75200F541EC /* Sources */ = {
			isa = PBXSourcesBuildPhase;
			buildActionMask = 2147483647;
			files = (
			);
			runOnlyForDeploymentPostprocessing = 0;
		};
		1D9B15282DE3D75200F541EC /* Sources */ = {
			isa = PBXSourcesBuildPhase;
			buildActionMask = 2147483647;
			files = (
			);
			runOnlyForDeploymentPostprocessing = 0;
		};
/* End PBXSourcesBuildPhase section */

/* Begin PBXTargetDependency section */
		1D9B15242DE3D75200F541EC /* PBXTargetDependency */ = {
			isa = PBXTargetDependency;
			target = 1D9B15142DE3D75000F541EC /* XOXGame */;
			targetProxy = 1D9B15232DE3D75200F541EC /* PBXContainerItemProxy */;
		};
		1D9B152E2DE3D75200F541EC /* PBXTargetDependency */ = {
			isa = PBXTargetDependency;
			target = 1D9B15142DE3D75000F541EC /* XOXGame */;
			targetProxy = 1D9B152D2DE3D75200F541EC /* PBXContainerItemProxy */;
		};
/* End PBXTargetDependency section */

/* Begin XCBuildConfiguration section */
		1D9B15342DE3D75200F541EC /* Debug */ = {
			isa = XCBuildConfiguration;
			buildSettings = {
				ALWAYS_SEARCH_USER_PATHS = NO;
				ASSETCATALOG_COMPILER_GENERATE_SWIFT_ASSET_SYMBOL_EXTENSIONS = YES;
				CLANG_ANALYZER_NONNULL = YES;
				CLANG_ANALYZER_NUMBER_OBJECT_CONVERSION = YES_AGGRESSIVE;
				CLANG_CXX_LANGUAGE_STANDARD = "gnu++20";
				CLANG_ENABLE_MODULES = YES;
				CLANG_ENABLE_OBJC_ARC = YES;
				CLANG_ENABLE_OBJC_WEAK = YES;
				CLANG_WARN_BLOCK_CAPTURE_AUTORELEASING = YES;
				CLANG_WARN_BOOL_CONVERSION = YES;
				CLANG_WARN_COMMA = YES;
				CLANG_WARN_CONSTANT_CONVERSION = YES;
				CLANG_WARN_DEPRECATED_OBJC_IMPLEMENTATIONS = YES;
				CLANG_WARN_DIRECT_OBJC_ISA_USAGE = YES_ERROR;
				CLANG_WARN_DOCUMENTATION_COMMENTS = YES;
				CLANG_WARN_EMPTY_BODY = YES;
				CLANG_WARN_ENUM_CONVERSION = YES;
				CLANG_WARN_INFINITE_RECURSION = YES;
				CLANG_WARN_INT_CONVERSION = YES;
				CLANG_WARN_NON_LITERAL_NULL_CONVERSION = YES;
				CLANG_WARN_OBJC_IMPLICIT_RETAIN_SELF = YES;
				CLANG_WARN_OBJC_LITERAL_CONVERSION = YES;
				CLANG_WARN_OBJC_ROOT_CLASS = YES_ERROR;
				CLANG_WARN_QUOTED_INCLUDE_IN_FRAMEWORK_HEADER = YES;
				CLANG_WARN_RANGE_LOOP_ANALYSIS = YES;
				CLANG_WARN_STRICT_PROTOTYPES = YES;
				CLANG_WARN_SUSPICIOUS_MOVE = YES;
				CLANG_WARN_UNGUARDED_AVAILABILITY = YES_AGGRESSIVE;
				CLANG_WARN_UNREACHABLE_CODE = YES;
				CLANG_WARN__DUPLICATE_METHOD_MATCH = YES;
				COPY_PHASE_STRIP = NO;
				DEBUG_INFORMATION_FORMAT = dwarf;
				ENABLE_STRICT_OBJC_MSGSEND = YES;
				ENABLE_TESTABILITY = YES;
				ENABLE_USER_SCRIPT_SANDBOXING = YES;
				GCC_C_LANGUAGE_STANDARD = gnu17;
				GCC_DYNAMIC_NO_PIC = NO;
				GCC_NO_COMMON_BLOCKS = YES;
				GCC_OPTIMIZATION_LEVEL = 0;
				GCC_PREPROCESSOR_DEFINITIONS = (
					"DEBUG=1",
					"$(inherited)",
				);
				GCC_WARN_64_TO_32_BIT_CONVERSION = YES;
				GCC_WARN_ABOUT_RETURN_TYPE = YES_ERROR;
				GCC_WARN_UNDECLARED_SELECTOR = YES;
				GCC_WARN_UNINITIALIZED_AUTOS = YES_AGGRESSIVE;
				GCC_WARN_UNUSED_FUNCTION = YES;
				GCC_WARN_UNUSED_VARIABLE = YES;
				IPHONEOS_DEPLOYMENT_TARGET = 18.4;
				LOCALIZATION_PREFERS_STRING_CATALOGS = YES;
				MTL_ENABLE_DEBUG_INFO = INCLUDE_SOURCE;
				MTL_FAST_MATH = YES;
				ONLY_ACTIVE_ARCH = YES;
				SDKROOT = iphoneos;
				SWIFT_ACTIVE_COMPILATION_CONDITIONS = "DEBUG $(inherited)";
				SWIFT_OPTIMIZATION_LEVEL = "-Onone";
			};
			name = Debug;
		};
		1D9B15352DE3D75200F541EC /* Release */ = {
			isa = XCBuildConfiguration;
			buildSettings = {
				ALWAYS_SEARCH_USER_PATHS = NO;
				ASSETCATALOG_COMPILER_GENERATE_SWIFT_ASSET_SYMBOL_EXTENSIONS = YES;
				CLANG_ANALYZER_NONNULL = YES;
				CLANG_ANALYZER_NUMBER_OBJECT_CONVERSION = YES_AGGRESSIVE;
				CLANG_CXX_LANGUAGE_STANDARD = "gnu++20";
				CLANG_ENABLE_MODULES = YES;
				CLANG_ENABLE_OBJC_ARC = YES;
				CLANG_ENABLE_OBJC_WEAK = YES;
				CLANG_WARN_BLOCK_CAPTURE_AUTORELEASING = YES;
				CLANG_WARN_BOOL_CONVERSION = YES;
				CLANG_WARN_COMMA = YES;
				CLANG_WARN_CONSTANT_CONVERSION = YES;
				CLANG_WARN_DEPRECATED_OBJC_IMPLEMENTATIONS = YES;
				CLANG_WARN_DIRECT_OBJC_ISA_USAGE = YES_ERROR;
				CLANG_WARN_DOCUMENTATION_COMMENTS = YES;
				CLANG_WARN_EMPTY_BODY = YES;
				CLANG_WARN_ENUM_CONVERSION = YES;
				CLANG_WARN_INFINITE_RECURSION = YES;
				CLANG_WARN_INT_CONVERSION = YES;
				CLANG_WARN_NON_LITERAL_NULL_CONVERSION = YES;
				CLANG_WARN_OBJC_IMPLICIT_RETAIN_SELF = YES;
				CLANG_WARN_OBJC_LITERAL_CONVERSION = YES;
				CLANG_WARN_OBJC_ROOT_CLASS = YES_ERROR;
				CLANG_WARN_QUOTED_INCLUDE_IN_FRAMEWORK_HEADER = YES;
				CLANG_WARN_RANGE_LOOP_ANALYSIS = YES;
				CLANG_WARN_STRICT_PROTOTYPES = YES;
				CLANG_WARN_SUSPICIOUS_MOVE = YES;
				CLANG_WARN_UNGUARDED_AVAILABILITY = YES_AGGRESSIVE;
				CLANG_WARN_UNREACHABLE_CODE = YES;
				CLANG_WARN__DUPLICATE_METHOD_MATCH = YES;
				COPY_PHASE_STRIP = NO;
				DEBUG_INFORMATION_FORMAT = "dwarf-with-dsym";
				ENABLE_NS_ASSERTIONS = NO;
				ENABLE_STRICT_OBJC_MSGSEND = YES;
				ENABLE_USER_SCRIPT_SANDBOXING = YES;
				GCC_C_LANGUAGE_STANDARD = gnu17;
				GCC_NO_COMMON_BLOCKS = YES;
				GCC_WARN_64_TO_32_BIT_CONVERSION = YES;
				GCC_WARN_ABOUT_RETURN_TYPE = YES_ERROR;
				GCC_WARN_UNDECLARED_SELECTOR = YES;
				GCC_WARN_UNINITIALIZED_AUTOS = YES_AGGRESSIVE;
				GCC_WARN_UNUSED_FUNCTION = YES;
				GCC_WARN_UNUSED_VARIABLE = YES;
				IPHONEOS_DEPLOYMENT_TARGET = 18.4;
				LOCALIZATION_PREFERS_STRING_CATALOGS = YES;
				MTL_ENABLE_DEBUG_INFO = NO;
				MTL_FAST_MATH = YES;
				SDKROOT = iphoneos;
				SWIFT_COMPILATION_MODE = wholemodule;
				VALIDATE_PRODUCT = YES;
			};
			name = Release;
		};
		1D9B15372DE3D75200F541EC /* Debug */ = {
			isa = XCBuildConfiguration;
			buildSettings = {
				ASSETCATALOG_COMPILER_APPICON_NAME = AppIcon;
				ASSETCATALOG_COMPILER_GLOBAL_ACCENT_COLOR_NAME = AccentColor;
				CODE_SIGN_STYLE = Automatic;
				CURRENT_PROJECT_VERSION = 1;
				ENABLE_PREVIEWS = YES;
				GENERATE_INFOPLIST_FILE = YES;
				INFOPLIST_KEY_UIApplicationSceneManifest_Generation = YES;
				INFOPLIST_KEY_UIApplicationSupportsIndirectInputEvents = YES;
				INFOPLIST_KEY_UILaunchScreen_Generation = YES;
				INFOPLIST_KEY_UISupportedInterfaceOrientations_iPad = "UIInterfaceOrientationPortrait UIInterfaceOrientationPortraitUpsideDown UIInterfaceOrientationLandscapeLeft UIInterfaceOrientationLandscapeRight";
				INFOPLIST_KEY_UISupportedInterfaceOrientations_iPhone = "UIInterfaceOrientationPortrait UIInterfaceOrientationLandscapeLeft UIInterfaceOrientationLandscapeRight";
				LD_RUNPATH_SEARCH_PATHS = (
					"$(inherited)",
					"@executable_path/Frameworks",
				);
				MARKETING_VERSION = 1.0;
				PRODUCT_BUNDLE_IDENTIFIER = com.yourcompany.ios101.XOXGame;
				PRODUCT_NAME = "$(TARGET_NAME)";
				SWIFT_EMIT_LOC_STRINGS = YES;
				SWIFT_VERSION = 5.0;
				TARGETED_DEVICE_FAMILY = "1,2";
			};
			name = Debug;
		};
		1D9B15382DE3D75200F541EC /* Release */ = {
			isa = XCBuildConfiguration;
			buildSettings = {
				ASSETCATALOG_COMPILER_APPICON_NAME = AppIcon;
				ASSETCATALOG_COMPILER_GLOBAL_ACCENT_COLOR_NAME = AccentColor;
				CODE_SIGN_STYLE = Automatic;
				CURRENT_PROJECT_VERSION = 1;
				ENABLE_PREVIEWS = YES;
				GENERATE_INFOPLIST_FILE = YES;
				INFOPLIST_KEY_UIApplicationSceneManifest_Generation = YES;
				INFOPLIST_KEY_UIApplicationSupportsIndirectInputEvents = YES;
				INFOPLIST_KEY_UILaunchScreen_Generation = YES;
				INFOPLIST_KEY_UISupportedInterfaceOrientations_iPad = "UIInterfaceOrientationPortrait UIInterfaceOrientationPortraitUpsideDown UIInterfaceOrientationLandscapeLeft UIInterfaceOrientationLandscapeRight";
				INFOPLIST_KEY_UISupportedInterfaceOrientations_iPhone = "UIInterfaceOrientationPortrait UIInterfaceOrientationLandscapeLeft UIInterfaceOrientationLandscapeRight";
				LD_RUNPATH_SEARCH_PATHS = (
					"$(inherited)",
					"@executable_path/Frameworks",
				);
				MARKETING_VERSION = 1.0;
				PRODUCT_BUNDLE_IDENTIFIER = com.yourcompany.ios101.XOXGame;
				PRODUCT_NAME = "$(TARGET_NAME)";
				SWIFT_EMIT_LOC_STRINGS = YES;
				SWIFT_VERSION = 5.0;
				TARGETED_DEVICE_FAMILY = "1,2";
			};
			name = Release;
		};
		1D9B153A2DE3D75200F541EC /* Debug */ = {
			isa = XCBuildConfiguration;
			buildSettings = {
				BUNDLE_LOADER = "$(TEST_HOST)";
				CODE_SIGN_STYLE = Automatic;
				CURRENT_PROJECT_VERSION = 1;
				GENERATE_INFOPLIST_FILE = YES;
				IPHONEOS_DEPLOYMENT_TARGET = 18.4;
				MARKETING_VERSION = 1.0;
				PRODUCT_BUNDLE_IDENTIFIER = com.yourcompany.ios101.XOXGameTests;
				PRODUCT_NAME = "$(TARGET_NAME)";
				SWIFT_EMIT_LOC_STRINGS = NO;
				SWIFT_VERSION = 5.0;
				TARGETED_DEVICE_FAMILY = "1,2";
				TEST_HOST = "$(BUILT_PRODUCTS_DIR)/XOXGame.app/$(BUNDLE_EXECUTABLE_FOLDER_PATH)/XOXGame";
			};
			name = Debug;
		};
		1D9B153B2DE3D75200F541EC /* Release */ = {
			isa = XCBuildConfiguration;
			buildSettings = {
				BUNDLE_LOADER = "$(TEST_HOST)";
				CODE_SIGN_STYLE = Automatic;
				CURRENT_PROJECT_VERSION = 1;
				GENERATE_INFOPLIST_FILE = YES;
				IPHONEOS_DEPLOYMENT_TARGET = 18.4;
				MARKETING_VERSION = 1.0;
				PRODUCT_BUNDLE_IDENTIFIER = com.yourcompany.ios101.XOXGameTests;
				PRODUCT_NAME = "$(TARGET_NAME)";
				SWIFT_EMIT_LOC_STRINGS = NO;
				SWIFT_VERSION = 5.0;
				TARGETED_DEVICE_FAMILY = "1,2";
				TEST_HOST = "$(BUILT_PRODUCTS_DIR)/XOXGame.app/$(BUNDLE_EXECUTABLE_FOLDER_PATH)/XOXGame";
			};
			name = Release;
		};
		1D9B153D2DE3D75200F541EC /* Debug */ = {
			isa = XCBuildConfiguration;
			buildSettings = {
				CODE_SIGN_STYLE = Automatic;
				CURRENT_PROJECT_VERSION = 1;
				GENERATE_INFOPLIST_FILE = YES;
				MARKETING_VERSION = 1.0;
				PRODUCT_BUNDLE_IDENTIFIER = com.yourcompany.ios101.XOXGameUITests;
				PRODUCT_NAME = "$(TARGET_NAME)";
				SWIFT_EMIT_LOC_STRINGS = NO;
				SWIFT_VERSION = 5.0;
				TARGETED_DEVICE_FAMILY = "1,2";
				TEST_TARGET_NAME = XOXGame;
			};
			name = Debug;
		};
		1D9B153E2DE3D75200F541EC /* Release */ = {
			isa = XCBuildConfiguration;
			buildSettings = {
				CODE_SIGN_STYLE = Automatic;
				CURRENT_PROJECT_VERSION = 1;
				GENERATE_INFOPLIST_FILE = YES;
				MARKETING_VERSION = 1.0;
				PRODUCT_BUNDLE_IDENTIFIER = com.yourcompany.ios101.XOXGameUITests;
				PRODUCT_NAME = "$(TARGET_NAME)";
				SWIFT_EMIT_LOC_STRINGS = NO;
				SWIFT_VERSION = 5.0;
				TARGETED_DEVICE_FAMILY = "1,2";
				TEST_TARGET_NAME = XOXGame;
			};
			name = Release;
		};
/* End XCBuildConfiguration section */

/* Begin XCConfigurationList section */
		1D9B15102DE3D75000F541EC /* Build configuration list for PBXProject "XOXGame" */ = {
			isa = XCConfigurationList;
			buildConfigurations = (
				1D9B15342DE3D75200F541EC /* Debug */,
				1D9B15352DE3D75200F541EC /* Release */,
			);
			defaultConfigurationIsVisible = 0;
			defaultConfigurationName = Release;
		};
		1D9B15362DE3D75200F541EC /* Build configuration list for PBXNativeTarget "XOXGame" */ = {
			isa = XCConfigurationList;
			buildConfigurations = (
				1D9B15372DE3D75200F541EC /* Debug */,
				1D9B15382DE3D75200F541EC /* Release */,
			);
			defaultConfigurationIsVisible = 0;
			defaultConfigurationName = Release;
		};
		1D9B15392DE3D75200F541EC /* Build configuration list for PBXNativeTarget "XOXGameTests" */ = {
			isa = XCConfigurationList;
			buildConfigurations = (
				1D9B153A2DE3D75200F541EC /* Debug */,
				1D9B153B2DE3D75200F541EC /* Release */,
			);
			defaultConfigurationIsVisible = 0;
			defaultConfigurationName = Release;
		};
		1D9B153C2DE3D75200F541EC /* Build configuration list for PBXNativeTarget "XOXGameUITests" */ = {
			isa = XCConfigurationList;
			buildConfigurations = (
				1D9B153D2DE3D75200F541EC /* Debug */,
				1D9B153E2DE3D75200F541EC /* Release */,
			);
			defaultConfigurationIsVisible = 0;
			defaultConfigurationName = Release;
		};
/* End XCConfigurationList section */
	};
	rootObject = 1D9B150D2DE3D75000F541EC /* Project object */;
}
